
Microsoft Visual Studio Solution File, Format Version 12.00
# Visual Studio Version 16
VisualStudioVersion = 16.0.29806.167
MinimumVisualStudioVersion = 10.0.40219.1
Project("{8BC9CEB8-8B4A-11D0-8D11-00A0C91BC942}") = "anti-debugging", "anti-debugging.vcxproj", "{8084E015-C5DC-48B6-AB1D-F8E9EEABD76E}"
EndProject
Global
	GlobalSection(SolutionConfigurationPlatforms) = preSolution
		Debug|x64 = Debug|x64
		Debug|x86 = Debug|x86
		Release|x64 = Release|x64
		Release|x86 = Release|x86
	EndGlobalSection
	GlobalSection(ProjectConfigurationPlatforms) = postSolution
		{8084E015-C5DC-48B6-AB1D-F8E9EEABD76E}.Debug|x64.ActiveCfg = Debug|x64
		{8084E015-C5DC-48B6-AB1D-F8E9EEABD76E}.Debug|x64.Build.0 = Debug|x64
		{8084E015-C5DC-48B6-AB1D-F8E9EEABD76E}.Debug|x86.ActiveCfg = Debug|Win32
		{8084E015-C5DC-48B6-AB1D-F8E9EEABD76E}.Debug|x86.Build.0 = Debug|Win32
		{8084E015-C5DC-48B6-AB1D-F8E9EEABD76E}.Release|x64.ActiveCfg = Release|x64
		{8084E015-C5DC-48B6-AB1D-F8E9EEABD76E}.Release|x64.Build.0 = Release|x64
		{8084E015-C5DC-48B6-AB1D-F8E9EEABD76E}.Release|x86.ActiveCfg = Release|Win32
		{8084E015-C5DC-48B6-AB1D-F8E9EEABD76E}.Release|x86.Build.0 = Release|Win32
	EndGlobalSection
	GlobalSection(SolutionProperties) = preSolution
		HideSolutionNode = FALSE
	EndGlobalSection
	GlobalSection(ExtensibilityGlobals) = postSolution
		SolutionGuid = {24DBB109-5266-42E2-8727-13689C87BEB0}
	EndGlobalSection
EndGlobal
