<?xml version="1.0" encoding="utf-8"?>
<Project ToolsVersion="4.0" xmlns="http://schemas.microsoft.com/developer/msbuild/2003">
  <ItemGroup>
    <Filter Include="Source Files">
      <UniqueIdentifier>{4FC737F1-C7A5-4376-A066-2A32D752A2FF}</UniqueIdentifier>
      <Extensions>cpp;c;cc;cxx;def;odl;idl;hpj;bat;asm;asmx</Extensions>
    </Filter>
    <Filter Include="Header Files">
      <UniqueIdentifier>{93995380-89BD-4b04-88EB-625FBE52EBFB}</UniqueIdentifier>
      <Extensions>h;hh;hpp;hxx;hm;inl;inc;ipp;xsd</Extensions>
    </Filter>
    <Filter Include="Resource Files">
      <UniqueIdentifier>{67DA6AB6-F800-4c08-8B7A-83BB121AAD01}</UniqueIdentifier>
      <Extensions>rc;ico;cur;bmp;dlg;rc2;rct;bin;rgs;gif;jpg;jpeg;jpe;resx;tiff;tif;png;wav;mfcribbon-ms</Extensions>
    </Filter>
    <Filter Include="Header Files\Methods">
      <UniqueIdentifier>{8f7a5a31-139e-4d05-8b2a-58bc1842daef}</UniqueIdentifier>
    </Filter>
  </ItemGroup>
  <ItemGroup>
    <ClCompile Include="src\anti-debugging.cpp">
      <Filter>Source Files</Filter>
    </ClCompile>
    <ClCompile Include="src\AntiDebugMethod.cpp">
      <Filter>Source Files</Filter>
    </ClCompile>
    <ClCompile Include="src\Methods\MethodTrapFlag.h">
      <Filter>Header Files\Methods</Filter>
    </ClCompile>
    <ClCompile Include="src\imgui\imgui.cpp">
      <Filter>Source Files</Filter>
    </ClCompile>
    <ClCompile Include="src\imgui\imgui_demo.cpp">
      <Filter>Source Files</Filter>
    </ClCompile>
    <ClCompile Include="src\imgui\imgui_draw.cpp">
      <Filter>Source Files</Filter>
    </ClCompile>
    <ClCompile Include="src\imgui\imgui_tables.cpp">
      <Filter>Source Files</Filter>
    </ClCompile>
    <ClCompile Include="src\imgui\imgui_widgets.cpp">
      <Filter>Source Files</Filter>
    </ClCompile>
    <ClCompile Include="src\imgui\imgui_impl_dx11.cpp">
      <Filter>Source Files</Filter>
    </ClCompile>
    <ClCompile Include="src\imgui\imgui_impl_win32.cpp">
      <Filter>Source Files</Filter>
    </ClCompile>
    <ClCompile Include="src\imgui\DX11Base.cpp">
      <Filter>Source Files</Filter>
    </ClCompile>
  </ItemGroup>
  <ItemGroup>
    <ClInclude Include="src\AntiDebugMethod.h">
      <Filter>Header Files</Filter>
    </ClInclude>
    <ClInclude Include="src\resource.h">
      <Filter>Header Files</Filter>
    </ClInclude>
    <ClInclude Include="src\Methods\MethodCheckRemoteDebuggerPresent.h">
      <Filter>Header Files\Methods</Filter>
    </ClInclude>
    <ClInclude Include="src\Methods\MethodGetParentProcess.h">
      <Filter>Header Files\Methods</Filter>
    </ClInclude>
    <ClInclude Include="src\Methods\MethodIsDebuggerPresent.h">
      <Filter>Header Files\Methods</Filter>
    </ClInclude>
    <ClInclude Include="src\Methods\MethodNtGlobalFlag.h">
      <Filter>Header Files\Methods</Filter>
    </ClInclude>
    <ClInclude Include="src\Methods\MethodPEBBeingDebugged.h">
      <Filter>Header Files\Methods</Filter>
    </ClInclude>
    <ClInclude Include="src\Methods\MethodUnhandledException.h">
      <Filter>Header Files\Methods</Filter>
    </ClInclude>
    <ClInclude Include="src\Methods\MethodThreadHideFromDebugger.h">
      <Filter>Header Files</Filter>
    </ClInclude>
    <ClInclude Include="src\Methods\MethodWow64PEB.hpp">
      <Filter>Header Files</Filter>
    </ClInclude>
    <ClInclude Include="src\Methods\MethodGetLocalTime.h">
      <Filter>Header Files</Filter>
    </ClInclude>
    <ClInclude Include="src\Methods\MethodGetTickCount.h">
      <Filter>Header Files</Filter>
    </ClInclude>
    <ClInclude Include="src\Methods\MethodQPC.h">
      <Filter>Header Files</Filter>
    </ClInclude>
    <ClInclude Include="src\Methods\MethodHeapFlag.h">
      <Filter>Header Files</Filter>
    </ClInclude>
    <ClInclude Include="src\Methods\MethodLFH.h">
      <Filter>Header Files</Filter>
    </ClInclude>
    <ClInclude Include="src\Helpers.h">
      <Filter>Header Files\Methods</Filter>
    </ClInclude>
    <ClInclude Include="src\imgui\imconfig.h">
      <Filter>Header Files</Filter>
    </ClInclude>
    <ClInclude Include="src\imgui\imgui.h">
      <Filter>Header Files</Filter>
    </ClInclude>
    <ClInclude Include="src\imgui\imgui_internal.h">
      <Filter>Header Files</Filter>
    </ClInclude>
    <ClInclude Include="src\imgui\imstb_rectpack.h">
      <Filter>Header Files</Filter>
    </ClInclude>
    <ClInclude Include="src\imgui\imstb_textedit.h">
      <Filter>Header Files</Filter>
    </ClInclude>
    <ClInclude Include="src\imgui\imstb_truetype.h">
      <Filter>Header Files</Filter>
    </ClInclude>
    <ClInclude Include="src\imgui\imgui_impl_dx11.h">
      <Filter>Header Files</Filter>
    </ClInclude>
    <ClInclude Include="src\imgui\imgui_impl_win32.h">
      <Filter>Header Files</Filter>
    </ClInclude>
    <ClInclude Include="src\imgui\DX11Base.h">
      <Filter>Header Files</Filter>
    </ClInclude>
    <ClInclude Include="src\imgui\stb_image.h">
      <Filter>Header Files</Filter>
    </ClInclude>
    <ClInclude Include="src\Methods\TimerDetection.h">
      <Filter>Header Files</Filter>
    </ClInclude>
    <ClInclude Include="src\shared.h">
      <Filter>Header Files</Filter>
    </ClInclude>
    <ClInclude Include="src\json.hpp">
      <Filter>Header Files</Filter>
    </ClInclude>
  </ItemGroup>
  <ItemGroup>
    <ResourceCompile Include="src\anti-debugging.rc">
      <Filter>Resource Files</Filter>
    </ResourceCompile>
  </ItemGroup>
  <ItemGroup>
    <Image Include="icon1.ico">
      <Filter>Resource Files</Filter>
    </Image>
    <Image Include="gh.ico">
      <Filter>Resource Files</Filter>
    </Image>
    <Image Include="new_logo.bmp">
      <Filter>Resource Files</Filter>
    </Image>
  </ItemGroup>
  <ItemGroup>
    <None Include="README.md" />
    <None Include=".gitignore" />
  </ItemGroup>
</Project>